
Microsoft Visual Studio Solution File, Format Version 12.00
# Visual Studio 15
VisualStudioVersion = 15.0.28010.0
MinimumVisualStudioVersion = 10.0.40219.1
Project("{FAE04EC0-301F-11D3-BF4B-00C04F79EFBC}") = "GrowUp", "GrowUp\GrowUp.csproj", "{B94D5CF7-106A-443D-A65E-524DAAFEBE27}"
EndProject
Global
	GlobalSection(SolutionConfigurationPlatforms) = preSolution
		Debug|Any CPU = Debug|Any CPU
		Release|Any CPU = Release|Any CPU
	EndGlobalSection
	GlobalSection(ProjectConfigurationPlatforms) = postSolution
		{B94D5CF7-106A-443D-A65E-524DAAFEBE27}.Debug|Any CPU.ActiveCfg = Debug|Any CPU
		{B94D5CF7-106A-443D-A65E-524DAAFEBE27}.Debug|Any CPU.Build.0 = Debug|Any CPU
		{B94D5CF7-106A-443D-A65E-524DAAFEBE27}.Release|Any CPU.ActiveCfg = Release|Any CPU
		{B94D5CF7-106A-443D-A65E-524DAAFEBE27}.Release|Any CPU.Build.0 = Release|Any CPU
	EndGlobalSection
	GlobalSection(SolutionProperties) = preSolution
		HideSolutionNode = FALSE
	EndGlobalSection
	GlobalSection(ExtensibilityGlobals) = postSolution
		SolutionGuid = {7049C520-9BEB-4283-B60A-5C7B556FB995}
	EndGlobalSection
EndGlobal
